// !$*UTF8*$!
{
	archiveVersion = 1;
	classes = {
	};
	objectVersion = 48;
	objects = {

/* Begin PBXBuildFile section */
		9C434C1F217ABA9300E0FD89 /* ProcessingViewController.m in Sources */ = {isa = PBXBuildFile; fileRef = 9C434C1E217ABA9300E0FD89 /* ProcessingViewController.m */; };
		9C434C21217E428400E0FD89 /* credentials.plist in Resources */ = {isa = PBXBuildFile; fileRef = 9C434C20217E428300E0FD89 /* credentials.plist */; };
		9C434C23217E42FB00E0FD89 /* LocalAuthentication.framework in Frameworks */ = {isa = PBXBuildFile; fileRef = 9C434C22217E42FB00E0FD89 /* LocalAuthentication.framework */; };
		9C434C25217E430500E0FD89 /* SafariServices.framework in Frameworks */ = {isa = PBXBuildFile; fileRef = 9C434C24217E430500E0FD89 /* SafariServices.framework */; };
		9C434C27217E430C00E0FD89 /* SystemConfiguration.framework in Frameworks */ = {isa = PBXBuildFile; fileRef = 9C434C26217E430B00E0FD89 /* SystemConfiguration.framework */; };
		9C434C29217E449400E0FD89 /* Login.storyboard in Resources */ = {isa = PBXBuildFile; fileRef = 9C434C28217E449400E0FD89 /* Login.storyboard */; };
		9C434C2C217E452E00E0FD89 /* LoginViewController.m in Sources */ = {isa = PBXBuildFile; fileRef = 9C434C2B217E452E00E0FD89 /* LoginViewController.m */; };
		9C434C2F217E459D00E0FD89 /* LoginManager.m in Sources */ = {isa = PBXBuildFile; fileRef = 9C434C2E217E459D00E0FD89 /* LoginManager.m */; };
		9C434C32217E47D600E0FD89 /* GIDGoogleUserInfo.m in Sources */ = {isa = PBXBuildFile; fileRef = 9C434C31217E47D600E0FD89 /* GIDGoogleUserInfo.m */; };
		9C64AA6E21975C33009BE7BF /* TrackUserLocation.m in Sources */ = {isa = PBXBuildFile; fileRef = 9C64AA6D21975C32009BE7BF /* TrackUserLocation.m */; };
		9C64AA7021975F3C009BE7BF /* CoreLocation.framework in Frameworks */ = {isa = PBXBuildFile; fileRef = 9C64AA6F21975F3C009BE7BF /* CoreLocation.framework */; };
		9C66A83221633C4C00AEC87C /* Constants.m in Sources */ = {isa = PBXBuildFile; fileRef = 9C66A82D21633C4B00AEC87C /* Constants.m */; };
		9C68299B2192013700D10FED /* UserDetailsViewController.xib in Resources */ = {isa = PBXBuildFile; fileRef = 9C68299A2192013700D10FED /* UserDetailsViewController.xib */; };
		9C68299E2192021700D10FED /* UserDetailsViewController.m in Sources */ = {isa = PBXBuildFile; fileRef = 9C68299D2192021700D10FED /* UserDetailsViewController.m */; };
		9C8082D72159B7520073EB4C /* hygiea-logo.png in Resources */ = {isa = PBXBuildFile; fileRef = 9C8082D62159B7520073EB4C /* hygiea-logo.png */; };
		9C93495B21696AAB0025996F /* CaptureImage.storyboard in Resources */ = {isa = PBXBuildFile; fileRef = 9C93495A21696AAB0025996F /* CaptureImage.storyboard */; };
		9C93496821696D090025996F /* CameraViewController.m in Sources */ = {isa = PBXBuildFile; fileRef = 9C93496721696D090025996F /* CameraViewController.m */; };
		9C934976216995590025996F /* ServerCommunication.m in Sources */ = {isa = PBXBuildFile; fileRef = 9C934975216995590025996F /* ServerCommunication.m */; };
		9CBA2F162188CC76000866B8 /* DefaultSessionManager.m in Sources */ = {isa = PBXBuildFile; fileRef = 9CBA2F122188CC76000866B8 /* DefaultSessionManager.m */; };
		9CBA2F172188CC76000866B8 /* BackgroundSessionManager.m in Sources */ = {isa = PBXBuildFile; fileRef = 9CBA2F142188CC76000866B8 /* BackgroundSessionManager.m */; };
		9CC742F5215752AB00132866 /* AppDelegate.m in Sources */ = {isa = PBXBuildFile; fileRef = 9CC742F4215752AB00132866 /* AppDelegate.m */; };
		9CC742FB215752AB00132866 /* Main.storyboard in Resources */ = {isa = PBXBuildFile; fileRef = 9CC742F9215752AB00132866 /* Main.storyboard */; };
		9CC742FD215752AD00132866 /* Assets.xcassets in Resources */ = {isa = PBXBuildFile; fileRef = 9CC742FC215752AD00132866 /* Assets.xcassets */; };
		9CC74300215752AD00132866 /* LaunchScreen.storyboard in Resources */ = {isa = PBXBuildFile; fileRef = 9CC742FE215752AD00132866 /* LaunchScreen.storyboard */; };
		9CC74303215752AD00132866 /* main.m in Sources */ = {isa = PBXBuildFile; fileRef = 9CC74302215752AD00132866 /* main.m */; };
		9CCB02DD218E08EF007CB639 /* UIImage+DrawBlock.m in Sources */ = {isa = PBXBuildFile; fileRef = 9CCB02DC218E08EF007CB639 /* UIImage+DrawBlock.m */; };
		9CCB0304218E094E007CB639 /* JPSCameraButton.m in Sources */ = {isa = PBXBuildFile; fileRef = 9CCB0303218E094E007CB639 /* JPSCameraButton.m */; };
		9CCB0307218E09AD007CB639 /* CameraViewController.xib in Resources */ = {isa = PBXBuildFile; fileRef = 9CCB0306218E09AD007CB639 /* CameraViewController.xib */; };
		9CCB030B218E09D3007CB639 /* ImageViewerViewController.m in Sources */ = {isa = PBXBuildFile; fileRef = 9CCB0309218E09D2007CB639 /* ImageViewerViewController.m */; };
		9CCB030C218E09D3007CB639 /* ImageViewerViewController.xib in Resources */ = {isa = PBXBuildFile; fileRef = 9CCB030A218E09D3007CB639 /* ImageViewerViewController.xib */; };
		9CD2A8EF219E07F90082B984 /* ASU Gammage.gpx in Resources */ = {isa = PBXBuildFile; fileRef = 9CD2A8EE219E07F90082B984 /* ASU Gammage.gpx */; };
		E16896025785B7F8C2F219D6 /* libPods-Waste Sorting.a in Frameworks */ = {isa = PBXBuildFile; fileRef = 2777066EBD694D1A1568B4FB /* libPods-Waste Sorting.a */; };
/* End PBXBuildFile section */

/* Begin PBXFileReference section */
		2777066EBD694D1A1568B4FB /* libPods-Waste Sorting.a */ = {isa = PBXFileReference; explicitFileType = archive.ar; includeInIndex = 0; path = "libPods-Waste Sorting.a"; sourceTree = BUILT_PRODUCTS_DIR; };
		4FA99F4C51D124428BB7D9C7 /* Pods-Waste Sorting.release.xcconfig */ = {isa = PBXFileReference; includeInIndex = 1; lastKnownFileType = text.xcconfig; name = "Pods-Waste Sorting.release.xcconfig"; path = "Pods/Target Support Files/Pods-Waste Sorting/Pods-Waste Sorting.release.xcconfig"; sourceTree = "<group>"; };
		9C245FF621A7532A0020D916 /* Noble Library.gpx */ = {isa = PBXFileReference; lastKnownFileType = text.xml; path = "Noble Library.gpx"; sourceTree = "<group>"; };
		9C2A0E5721B08C17009A3AEC /* Cupertino.gpx */ = {isa = PBXFileReference; lastKnownFileType = text.xml; path = Cupertino.gpx; sourceTree = "<group>"; };
		9C434C1D217ABA9300E0FD89 /* ProcessingViewController.h */ = {isa = PBXFileReference; lastKnownFileType = sourcecode.c.h; path = ProcessingViewController.h; sourceTree = "<group>"; };
		9C434C1E217ABA9300E0FD89 /* ProcessingViewController.m */ = {isa = PBXFileReference; lastKnownFileType = sourcecode.c.objc; path = ProcessingViewController.m; sourceTree = "<group>"; };
		9C434C20217E428300E0FD89 /* credentials.plist */ = {isa = PBXFileReference; fileEncoding = 4; lastKnownFileType = text.plist.xml; path = credentials.plist; sourceTree = "<group>"; };
		9C434C22217E42FB00E0FD89 /* LocalAuthentication.framework */ = {isa = PBXFileReference; lastKnownFileType = wrapper.framework; name = LocalAuthentication.framework; path = System/Library/Frameworks/LocalAuthentication.framework; sourceTree = SDKROOT; };
		9C434C24217E430500E0FD89 /* SafariServices.framework */ = {isa = PBXFileReference; lastKnownFileType = wrapper.framework; name = SafariServices.framework; path = System/Library/Frameworks/SafariServices.framework; sourceTree = SDKROOT; };
		9C434C26217E430B00E0FD89 /* SystemConfiguration.framework */ = {isa = PBXFileReference; lastKnownFileType = wrapper.framework; name = SystemConfiguration.framework; path = System/Library/Frameworks/SystemConfiguration.framework; sourceTree = SDKROOT; };
		9C434C28217E449400E0FD89 /* Login.storyboard */ = {isa = PBXFileReference; lastKnownFileType = file.storyboard; path = Login.storyboard; sourceTree = "<group>"; };
		9C434C2A217E452E00E0FD89 /* LoginViewController.h */ = {isa = PBXFileReference; lastKnownFileType = sourcecode.c.h; path = LoginViewController.h; sourceTree = "<group>"; };
		9C434C2B217E452E00E0FD89 /* LoginViewController.m */ = {isa = PBXFileReference; lastKnownFileType = sourcecode.c.objc; path = LoginViewController.m; sourceTree = "<group>"; };
		9C434C2D217E459D00E0FD89 /* LoginManager.h */ = {isa = PBXFileReference; lastKnownFileType = sourcecode.c.h; path = LoginManager.h; sourceTree = "<group>"; };
		9C434C2E217E459D00E0FD89 /* LoginManager.m */ = {isa = PBXFileReference; lastKnownFileType = sourcecode.c.objc; path = LoginManager.m; sourceTree = "<group>"; };
		9C434C30217E47D600E0FD89 /* GIDGoogleUserInfo.h */ = {isa = PBXFileReference; lastKnownFileType = sourcecode.c.h; path = GIDGoogleUserInfo.h; sourceTree = "<group>"; };
		9C434C31217E47D600E0FD89 /* GIDGoogleUserInfo.m */ = {isa = PBXFileReference; lastKnownFileType = sourcecode.c.objc; path = GIDGoogleUserInfo.m; sourceTree = "<group>"; };
		9C64AA6C21975C32009BE7BF /* TrackUserLocation.h */ = {isa = PBXFileReference; fileEncoding = 4; lastKnownFileType = sourcecode.c.h; path = TrackUserLocation.h; sourceTree = "<group>"; };
		9C64AA6D21975C32009BE7BF /* TrackUserLocation.m */ = {isa = PBXFileReference; fileEncoding = 4; lastKnownFileType = sourcecode.c.objc; path = TrackUserLocation.m; sourceTree = "<group>"; };
		9C64AA6F21975F3C009BE7BF /* CoreLocation.framework */ = {isa = PBXFileReference; lastKnownFileType = wrapper.framework; name = CoreLocation.framework; path = System/Library/Frameworks/CoreLocation.framework; sourceTree = SDKROOT; };
		9C66A82D21633C4B00AEC87C /* Constants.m */ = {isa = PBXFileReference; fileEncoding = 4; lastKnownFileType = sourcecode.c.objc; path = Constants.m; sourceTree = "<group>"; };
		9C66A83121633C4C00AEC87C /* Constants.h */ = {isa = PBXFileReference; fileEncoding = 4; lastKnownFileType = sourcecode.c.h; path = Constants.h; sourceTree = "<group>"; };
		9C68299A2192013700D10FED /* UserDetailsViewController.xib */ = {isa = PBXFileReference; lastKnownFileType = file.xib; path = UserDetailsViewController.xib; sourceTree = "<group>"; };
		9C68299C2192021700D10FED /* UserDetailsViewController.h */ = {isa = PBXFileReference; lastKnownFileType = sourcecode.c.h; path = UserDetailsViewController.h; sourceTree = "<group>"; };
		9C68299D2192021700D10FED /* UserDetailsViewController.m */ = {isa = PBXFileReference; lastKnownFileType = sourcecode.c.objc; path = UserDetailsViewController.m; sourceTree = "<group>"; };
		9C8082D62159B7520073EB4C /* hygiea-logo.png */ = {isa = PBXFileReference; lastKnownFileType = image.png; name = "hygiea-logo.png"; path = "Images/hygiea-logo.png"; sourceTree = "<group>"; };
		9C93495A21696AAB0025996F /* CaptureImage.storyboard */ = {isa = PBXFileReference; lastKnownFileType = file.storyboard; path = CaptureImage.storyboard; sourceTree = "<group>"; };
		9C93496621696D090025996F /* CameraViewController.h */ = {isa = PBXFileReference; lastKnownFileType = sourcecode.c.h; path = CameraViewController.h; sourceTree = "<group>"; };
		9C93496721696D090025996F /* CameraViewController.m */ = {isa = PBXFileReference; lastKnownFileType = sourcecode.c.objc; path = CameraViewController.m; sourceTree = "<group>"; };
		9C934974216995590025996F /* ServerCommunication.h */ = {isa = PBXFileReference; fileEncoding = 4; lastKnownFileType = sourcecode.c.h; name = ServerCommunication.h; path = "Waste Sorting/Server/ServerCommunication.h"; sourceTree = SOURCE_ROOT; };
		9C934975216995590025996F /* ServerCommunication.m */ = {isa = PBXFileReference; fileEncoding = 4; lastKnownFileType = sourcecode.c.objc; name = ServerCommunication.m; path = "Waste Sorting/Server/ServerCommunication.m"; sourceTree = SOURCE_ROOT; };
		9CA9208D71E1CBE2C0BBDA96 /* Pods-Waste Sorting.debug.xcconfig */ = {isa = PBXFileReference; includeInIndex = 1; lastKnownFileType = text.xcconfig; name = "Pods-Waste Sorting.debug.xcconfig"; path = "Pods/Target Support Files/Pods-Waste Sorting/Pods-Waste Sorting.debug.xcconfig"; sourceTree = "<group>"; };
		9CBA2F112188CC76000866B8 /* DefaultSessionManager.h */ = {isa = PBXFileReference; fileEncoding = 4; lastKnownFileType = sourcecode.c.h; path = DefaultSessionManager.h; sourceTree = "<group>"; };
		9CBA2F122188CC76000866B8 /* DefaultSessionManager.m */ = {isa = PBXFileReference; fileEncoding = 4; lastKnownFileType = sourcecode.c.objc; path = DefaultSessionManager.m; sourceTree = "<group>"; };
		9CBA2F142188CC76000866B8 /* BackgroundSessionManager.m */ = {isa = PBXFileReference; fileEncoding = 4; lastKnownFileType = sourcecode.c.objc; path = BackgroundSessionManager.m; sourceTree = "<group>"; };
		9CBA2F152188CC76000866B8 /* BackgroundSessionManager.h */ = {isa = PBXFileReference; fileEncoding = 4; lastKnownFileType = sourcecode.c.h; path = BackgroundSessionManager.h; sourceTree = "<group>"; };
		9CC742F0215752AB00132866 /* Waste Sorting.app */ = {isa = PBXFileReference; explicitFileType = wrapper.application; includeInIndex = 0; path = "Waste Sorting.app"; sourceTree = BUILT_PRODUCTS_DIR; };
		9CC742F3215752AB00132866 /* AppDelegate.h */ = {isa = PBXFileReference; lastKnownFileType = sourcecode.c.h; path = AppDelegate.h; sourceTree = "<group>"; };
		9CC742F4215752AB00132866 /* AppDelegate.m */ = {isa = PBXFileReference; lastKnownFileType = sourcecode.c.objc; path = AppDelegate.m; sourceTree = "<group>"; };
		9CC742FA215752AB00132866 /* Base */ = {isa = PBXFileReference; lastKnownFileType = file.storyboard; name = Base; path = Base.lproj/Main.storyboard; sourceTree = "<group>"; };
		9CC742FC215752AD00132866 /* Assets.xcassets */ = {isa = PBXFileReference; lastKnownFileType = folder.assetcatalog; path = Assets.xcassets; sourceTree = "<group>"; };
		9CC742FF215752AD00132866 /* Base */ = {isa = PBXFileReference; lastKnownFileType = file.storyboard; name = Base; path = Base.lproj/LaunchScreen.storyboard; sourceTree = "<group>"; };
		9CC74301215752AD00132866 /* Info.plist */ = {isa = PBXFileReference; lastKnownFileType = text.plist.xml; path = Info.plist; sourceTree = "<group>"; };
		9CC74302215752AD00132866 /* main.m */ = {isa = PBXFileReference; lastKnownFileType = sourcecode.c.objc; path = main.m; sourceTree = "<group>"; };
		9CCB02DB218E08EF007CB639 /* UIImage+DrawBlock.h */ = {isa = PBXFileReference; fileEncoding = 4; lastKnownFileType = sourcecode.c.h; path = "UIImage+DrawBlock.h"; sourceTree = "<group>"; };
		9CCB02DC218E08EF007CB639 /* UIImage+DrawBlock.m */ = {isa = PBXFileReference; fileEncoding = 4; lastKnownFileType = sourcecode.c.objc; path = "UIImage+DrawBlock.m"; sourceTree = "<group>"; };
		9CCB0302218E094E007CB639 /* JPSCameraButton.h */ = {isa = PBXFileReference; fileEncoding = 4; lastKnownFileType = sourcecode.c.h; path = JPSCameraButton.h; sourceTree = "<group>"; };
		9CCB0303218E094E007CB639 /* JPSCameraButton.m */ = {isa = PBXFileReference; fileEncoding = 4; lastKnownFileType = sourcecode.c.objc; path = JPSCameraButton.m; sourceTree = "<group>"; };
		9CCB0306218E09AD007CB639 /* CameraViewController.xib */ = {isa = PBXFileReference; fileEncoding = 4; lastKnownFileType = file.xib; path = CameraViewController.xib; sourceTree = "<group>"; };
		9CCB0308218E09D2007CB639 /* ImageViewerViewController.h */ = {isa = PBXFileReference; fileEncoding = 4; lastKnownFileType = sourcecode.c.h; path = ImageViewerViewController.h; sourceTree = "<group>"; };
		9CCB0309218E09D2007CB639 /* ImageViewerViewController.m */ = {isa = PBXFileReference; fileEncoding = 4; lastKnownFileType = sourcecode.c.objc; path = ImageViewerViewController.m; sourceTree = "<group>"; };
		9CCB030A218E09D3007CB639 /* ImageViewerViewController.xib */ = {isa = PBXFileReference; fileEncoding = 4; lastKnownFileType = file.xib; path = ImageViewerViewController.xib; sourceTree = "<group>"; };
		9CD2A8EE219E07F90082B984 /* ASU Gammage.gpx */ = {isa = PBXFileReference; fileEncoding = 4; lastKnownFileType = text.xml; path = "ASU Gammage.gpx"; sourceTree = "<group>"; };
		9CD2A8F0219E09DE0082B984 /* ASU poly Student union.gpx */ = {isa = PBXFileReference; lastKnownFileType = text.xml; path = "ASU poly Student union.gpx"; sourceTree = "<group>"; };
		9CDE0D3A2186688900FAA0F5 /* en */ = {isa = PBXFileReference; lastKnownFileType = text.plist.strings; name = en; path = en.lproj/Main.strings; sourceTree = "<group>"; };
/* End PBXFileReference section */

/* Begin PBXFrameworksBuildPhase section */
		9CC742ED215752AB00132866 /* Frameworks */ = {
			isa = PBXFrameworksBuildPhase;
			buildActionMask = 2147483647;
			files = (
				9C64AA7021975F3C009BE7BF /* CoreLocation.framework in Frameworks */,
				9C434C27217E430C00E0FD89 /* SystemConfiguration.framework in Frameworks */,
				9C434C25217E430500E0FD89 /* SafariServices.framework in Frameworks */,
				9C434C23217E42FB00E0FD89 /* LocalAuthentication.framework in Frameworks */,
				E16896025785B7F8C2F219D6 /* libPods-Waste Sorting.a in Frameworks */,
			);
			runOnlyForDeploymentPostprocessing = 0;
		};
/* End PBXFrameworksBuildPhase section */

/* Begin PBXGroup section */
		6584AABC5D29A8CEC1DD28BA /* Frameworks */ = {
			isa = PBXGroup;
			children = (
				9C64AA6F21975F3C009BE7BF /* CoreLocation.framework */,
				9C434C26217E430B00E0FD89 /* SystemConfiguration.framework */,
				9C434C24217E430500E0FD89 /* SafariServices.framework */,
				9C434C22217E42FB00E0FD89 /* LocalAuthentication.framework */,
				2777066EBD694D1A1568B4FB /* libPods-Waste Sorting.a */,
			);
			name = Frameworks;
			sourceTree = "<group>";
		};
		9C434C33217E485C00E0FD89 /* Google SignIn */ = {
			isa = PBXGroup;
			children = (
				9C434C2D217E459D00E0FD89 /* LoginManager.h */,
				9C434C2E217E459D00E0FD89 /* LoginManager.m */,
				9C434C30217E47D600E0FD89 /* GIDGoogleUserInfo.h */,
				9C434C31217E47D600E0FD89 /* GIDGoogleUserInfo.m */,
			);
			path = "Google SignIn";
			sourceTree = "<group>";
		};
		9C64AA6B21975C1C009BE7BF /* User Location */ = {
			isa = PBXGroup;
			children = (
				9C64AA6C21975C32009BE7BF /* TrackUserLocation.h */,
				9C64AA6D21975C32009BE7BF /* TrackUserLocation.m */,
			);
			path = "User Location";
			sourceTree = "<group>";
		};
		9C66A83521633CE300AEC87C /* Constants */ = {
			isa = PBXGroup;
			children = (
				9C66A83121633C4C00AEC87C /* Constants.h */,
				9C66A82D21633C4B00AEC87C /* Constants.m */,
			);
			path = Constants;
			sourceTree = "<group>";
		};
		9C66A83621633D7700AEC87C /* Server */ = {
			isa = PBXGroup;
			children = (
				9CBA2F0F2188CC76000866B8 /* Server Session */,
				9C934974216995590025996F /* ServerCommunication.h */,
				9C934975216995590025996F /* ServerCommunication.m */,
			);
			name = Server;
			sourceTree = "<group>";
		};
		9CBA2EFD2188BF72000866B8 /* Storyboards */ = {
			isa = PBXGroup;
			children = (
				9CC742FE215752AD00132866 /* LaunchScreen.storyboard */,
				9C434C28217E449400E0FD89 /* Login.storyboard */,
				9CC742F9215752AB00132866 /* Main.storyboard */,
				9C93495A21696AAB0025996F /* CaptureImage.storyboard */,
			);
			path = Storyboards;
			sourceTree = "<group>";
		};
		9CBA2EFE2188BF9F000866B8 /* Controllers */ = {
			isa = PBXGroup;
			children = (
				9CCB030D218E09D8007CB639 /* ImageView Controller */,
				9CBA2EFF2188BFDB000866B8 /* Login Controller */,
				9CBA2F002188BFE7000866B8 /* Processing Controller */,
				9CBA2F022188BFFD000866B8 /* Camera Controller */,
			);
			path = Controllers;
			sourceTree = "<group>";
		};
		9CBA2EFF2188BFDB000866B8 /* Login Controller */ = {
			isa = PBXGroup;
			children = (
				9C434C2A217E452E00E0FD89 /* LoginViewController.h */,
				9C434C2B217E452E00E0FD89 /* LoginViewController.m */,
			);
			path = "Login Controller";
			sourceTree = "<group>";
		};
		9CBA2F002188BFE7000866B8 /* Processing Controller */ = {
			isa = PBXGroup;
			children = (
				9C434C1D217ABA9300E0FD89 /* ProcessingViewController.h */,
				9C434C1E217ABA9300E0FD89 /* ProcessingViewController.m */,
			);
			path = "Processing Controller";
			sourceTree = "<group>";
		};
		9CBA2F022188BFFD000866B8 /* Camera Controller */ = {
			isa = PBXGroup;
			children = (
				9C68299C2192021700D10FED /* UserDetailsViewController.h */,
				9C68299D2192021700D10FED /* UserDetailsViewController.m */,
				9C68299A2192013700D10FED /* UserDetailsViewController.xib */,
				9CCB0305218E0954007CB639 /* Views */,
				9CCB02DE218E08F3007CB639 /* Categories */,
				9C93496621696D090025996F /* CameraViewController.h */,
				9C93496721696D090025996F /* CameraViewController.m */,
				9CCB0306218E09AD007CB639 /* CameraViewController.xib */,
			);
			path = "Camera Controller";
			sourceTree = "<group>";
		};
		9CBA2F032188C01D000866B8 /* Helpers */ = {
			isa = PBXGroup;
			children = (
				9C64AA6B21975C1C009BE7BF /* User Location */,
				9C66A83521633CE300AEC87C /* Constants */,
				9C66A83621633D7700AEC87C /* Server */,
			);
			path = Helpers;
			sourceTree = "<group>";
		};
		9CBA2F0F2188CC76000866B8 /* Server Session */ = {
			isa = PBXGroup;
			children = (
				9CBA2F102188CC76000866B8 /* Default Session */,
				9CBA2F132188CC76000866B8 /* Background Session */,
			);
			path = "Server Session";
			sourceTree = "<group>";
		};
		9CBA2F102188CC76000866B8 /* Default Session */ = {
			isa = PBXGroup;
			children = (
				9CBA2F112188CC76000866B8 /* DefaultSessionManager.h */,
				9CBA2F122188CC76000866B8 /* DefaultSessionManager.m */,
			);
			path = "Default Session";
			sourceTree = "<group>";
		};
		9CBA2F132188CC76000866B8 /* Background Session */ = {
			isa = PBXGroup;
			children = (
				9CBA2F152188CC76000866B8 /* BackgroundSessionManager.h */,
				9CBA2F142188CC76000866B8 /* BackgroundSessionManager.m */,
			);
			path = "Background Session";
			sourceTree = "<group>";
		};
		9CC742E7215752AB00132866 = {
			isa = PBXGroup;
			children = (
				9C245FF621A7532A0020D916 /* Noble Library.gpx */,
				9C2A0E5721B08C17009A3AEC /* Cupertino.gpx */,
				9CD2A8F0219E09DE0082B984 /* ASU poly Student union.gpx */,
				9CD2A8EE219E07F90082B984 /* ASU Gammage.gpx */,
				9CC742F2215752AB00132866 /* Waste Sorting */,
				9CC742F1215752AB00132866 /* Products */,
				CF4D8EE1DD811A6A99229B18 /* Pods */,
				6584AABC5D29A8CEC1DD28BA /* Frameworks */,
			);
			sourceTree = "<group>";
		};
		9CC742F1215752AB00132866 /* Products */ = {
			isa = PBXGroup;
			children = (
				9CC742F0215752AB00132866 /* Waste Sorting.app */,
			);
			name = Products;
			sourceTree = "<group>";
		};
		9CC742F2215752AB00132866 /* Waste Sorting */ = {
			isa = PBXGroup;
			children = (
				9CC742F3215752AB00132866 /* AppDelegate.h */,
				9CC742F4215752AB00132866 /* AppDelegate.m */,
				9CBA2F032188C01D000866B8 /* Helpers */,
				9CBA2EFE2188BF9F000866B8 /* Controllers */,
				9CBA2EFD2188BF72000866B8 /* Storyboards */,
				9CC742FC215752AD00132866 /* Assets.xcassets */,
				9C8082D62159B7520073EB4C /* hygiea-logo.png */,
				9CC74301215752AD00132866 /* Info.plist */,
				9C434C20217E428300E0FD89 /* credentials.plist */,
				9CC74302215752AD00132866 /* main.m */,
				9C434C33217E485C00E0FD89 /* Google SignIn */,
			);
			path = "Waste Sorting";
			sourceTree = "<group>";
		};
		9CCB02DE218E08F3007CB639 /* Categories */ = {
			isa = PBXGroup;
			children = (
				9CCB02DB218E08EF007CB639 /* UIImage+DrawBlock.h */,
				9CCB02DC218E08EF007CB639 /* UIImage+DrawBlock.m */,
			);
			path = Categories;
			sourceTree = "<group>";
		};
		9CCB0305218E0954007CB639 /* Views */ = {
			isa = PBXGroup;
			children = (
				9CCB0302218E094E007CB639 /* JPSCameraButton.h */,
				9CCB0303218E094E007CB639 /* JPSCameraButton.m */,
			);
			path = Views;
			sourceTree = "<group>";
		};
		9CCB030D218E09D8007CB639 /* ImageView Controller */ = {
			isa = PBXGroup;
			children = (
				9CCB0308218E09D2007CB639 /* ImageViewerViewController.h */,
				9CCB0309218E09D2007CB639 /* ImageViewerViewController.m */,
				9CCB030A218E09D3007CB639 /* ImageViewerViewController.xib */,
			);
			path = "ImageView Controller";
			sourceTree = "<group>";
		};
		CF4D8EE1DD811A6A99229B18 /* Pods */ = {
			isa = PBXGroup;
			children = (
				9CA9208D71E1CBE2C0BBDA96 /* Pods-Waste Sorting.debug.xcconfig */,
				4FA99F4C51D124428BB7D9C7 /* Pods-Waste Sorting.release.xcconfig */,
			);
			name = Pods;
			sourceTree = "<group>";
		};
/* End PBXGroup section */

/* Begin PBXNativeTarget section */
		9CC742EF215752AB00132866 /* Waste Sorting */ = {
			isa = PBXNativeTarget;
			buildConfigurationList = 9CC74306215752AD00132866 /* Build configuration list for PBXNativeTarget "Waste Sorting" */;
			buildPhases = (
				AA10EBCFEFF7FA13516B4F56 /* [CP] Check Pods Manifest.lock */,
				9CC742EC215752AB00132866 /* Sources */,
				9CC742ED215752AB00132866 /* Frameworks */,
				9CC742EE215752AB00132866 /* Resources */,
				9CAA43A58E208B2B11F2D225 /* [CP] Embed Pods Frameworks */,
				EAAE7552BA9B151610900140 /* [CP] Copy Pods Resources */,
			);
			buildRules = (
			);
			dependencies = (
			);
			name = "Waste Sorting";
			productName = "Waste Sorting";
			productReference = 9CC742F0215752AB00132866 /* Waste Sorting.app */;
			productType = "com.apple.product-type.application";
		};
/* End PBXNativeTarget section */

/* Begin PBXProject section */
		9CC742E8215752AB00132866 /* Project object */ = {
			isa = PBXProject;
			attributes = {
				LastUpgradeCheck = 0940;
				ORGANIZATIONNAME = Hygiea;
				TargetAttributes = {
					9CC742EF215752AB00132866 = {
						CreatedOnToolsVersion = 9.4.1;
						ProvisioningStyle = Automatic;
					};
				};
			};
			buildConfigurationList = 9CC742EB215752AB00132866 /* Build configuration list for PBXProject "Waste Sorting" */;
			compatibilityVersion = "Xcode 8.0";
			developmentRegion = en;
			hasScannedForEncodings = 0;
			knownRegions = (
				en,
				Base,
				de,
				he,
				ar,
				el,
				ja,
				uk,
				zh_CN,
				nb,
				es,
				da,
				it,
				sk,
				pt_PT,
				ms,
				sv,
				cs,
				ko,
				hu,
				tr,
				pl,
				zh_TW,
				en_GB,
				vi,
				ru,
				fr,
				fi,
				id,
				nl,
				th,
				pt,
				ro,
				hr,
				ca,
				"zh-Hans",
			);
			mainGroup = 9CC742E7215752AB00132866;
			productRefGroup = 9CC742F1215752AB00132866 /* Products */;
			projectDirPath = "";
			projectRoot = "";
			targets = (
				9CC742EF215752AB00132866 /* Waste Sorting */,
			);
		};
/* End PBXProject section */

/* Begin PBXResourcesBuildPhase section */
		9CC742EE215752AB00132866 /* Resources */ = {
			isa = PBXResourcesBuildPhase;
			buildActionMask = 2147483647;
			files = (
				9CC74300215752AD00132866 /* LaunchScreen.storyboard in Resources */,
				9CCB0307218E09AD007CB639 /* CameraViewController.xib in Resources */,
				9C434C21217E428400E0FD89 /* credentials.plist in Resources */,
				9C434C29217E449400E0FD89 /* Login.storyboard in Resources */,
				9CD2A8EF219E07F90082B984 /* ASU Gammage.gpx in Resources */,
				9CC742FD215752AD00132866 /* Assets.xcassets in Resources */,
				9C68299B2192013700D10FED /* UserDetailsViewController.xib in Resources */,
				9CC742FB215752AB00132866 /* Main.storyboard in Resources */,
				9CCB030C218E09D3007CB639 /* ImageViewerViewController.xib in Resources */,
				9C8082D72159B7520073EB4C /* hygiea-logo.png in Resources */,
				9C93495B21696AAB0025996F /* CaptureImage.storyboard in Resources */,
			);
			runOnlyForDeploymentPostprocessing = 0;
		};
/* End PBXResourcesBuildPhase section */

/* Begin PBXShellScriptBuildPhase section */
		9CAA43A58E208B2B11F2D225 /* [CP] Embed Pods Frameworks */ = {
			isa = PBXShellScriptBuildPhase;
			buildActionMask = 2147483647;
			files = (
			);
			inputPaths = (
			);
			name = "[CP] Embed Pods Frameworks";
			outputPaths = (
			);
			runOnlyForDeploymentPostprocessing = 0;
			shellPath = /bin/sh;
			shellScript = "\"${SRCROOT}/Pods/Target Support Files/Pods-Waste Sorting/Pods-Waste Sorting-frameworks.sh\"\n";
			showEnvVarsInLog = 0;
		};
		AA10EBCFEFF7FA13516B4F56 /* [CP] Check Pods Manifest.lock */ = {
			isa = PBXShellScriptBuildPhase;
			buildActionMask = 2147483647;
			files = (
			);
			inputPaths = (
				"${PODS_PODFILE_DIR_PATH}/Podfile.lock",
				"${PODS_ROOT}/Manifest.lock",
			);
			name = "[CP] Check Pods Manifest.lock";
			outputPaths = (
				"$(DERIVED_FILE_DIR)/Pods-Waste Sorting-checkManifestLockResult.txt",
			);
			runOnlyForDeploymentPostprocessing = 0;
			shellPath = /bin/sh;
			shellScript = "diff \"${PODS_PODFILE_DIR_PATH}/Podfile.lock\" \"${PODS_ROOT}/Manifest.lock\" > /dev/null\nif [ $? != 0 ] ; then\n    # print error to STDERR\n    echo \"error: The sandbox is not in sync with the Podfile.lock. Run 'pod install' or update your CocoaPods installation.\" >&2\n    exit 1\nfi\n# This output is used by Xcode 'outputs' to avoid re-running this script phase.\necho \"SUCCESS\" > \"${SCRIPT_OUTPUT_FILE_0}\"\n";
			showEnvVarsInLog = 0;
		};
		EAAE7552BA9B151610900140 /* [CP] Copy Pods Resources */ = {
			isa = PBXShellScriptBuildPhase;
			buildActionMask = 2147483647;
			files = (
			);
			inputPaths = (
				"${SRCROOT}/Pods/Target Support Files/Pods-Waste Sorting/Pods-Waste Sorting-resources.sh",
				"${PODS_ROOT}/GTMOAuth2/Source/Touch/GTMOAuth2ViewTouch.xib",
				"${PODS_ROOT}/GoogleSignIn/Resources/GoogleSignIn.bundle",
				$PODS_CONFIGURATION_BUILD_DIR/QBImagePickerController/QBImagePicker.bundle,
			);
			name = "[CP] Copy Pods Resources";
			outputPaths = (
				"${TARGET_BUILD_DIR}/${UNLOCALIZED_RESOURCES_FOLDER_PATH}",
			);
			runOnlyForDeploymentPostprocessing = 0;
			shellPath = /bin/sh;
			shellScript = "\"${SRCROOT}/Pods/Target Support Files/Pods-Waste Sorting/Pods-Waste Sorting-resources.sh\"\n";
			showEnvVarsInLog = 0;
		};
/* End PBXShellScriptBuildPhase section */

/* Begin PBXSourcesBuildPhase section */
		9CC742EC215752AB00132866 /* Sources */ = {
			isa = PBXSourcesBuildPhase;
			buildActionMask = 2147483647;
			files = (
				9C434C2F217E459D00E0FD89 /* LoginManager.m in Sources */,
				9CCB02DD218E08EF007CB639 /* UIImage+DrawBlock.m in Sources */,
				9CC74303215752AD00132866 /* main.m in Sources */,
				9CBA2F172188CC76000866B8 /* BackgroundSessionManager.m in Sources */,
				9CBA2F162188CC76000866B8 /* DefaultSessionManager.m in Sources */,
				9C434C1F217ABA9300E0FD89 /* ProcessingViewController.m in Sources */,
				9CC742F5215752AB00132866 /* AppDelegate.m in Sources */,
				9CCB0304218E094E007CB639 /* JPSCameraButton.m in Sources */,
				9CCB030B218E09D3007CB639 /* ImageViewerViewController.m in Sources */,
				9C934976216995590025996F /* ServerCommunication.m in Sources */,
				9C434C32217E47D600E0FD89 /* GIDGoogleUserInfo.m in Sources */,
				9C64AA6E21975C33009BE7BF /* TrackUserLocation.m in Sources */,
				9C434C2C217E452E00E0FD89 /* LoginViewController.m in Sources */,
				9C93496821696D090025996F /* CameraViewController.m in Sources */,
				9C68299E2192021700D10FED /* UserDetailsViewController.m in Sources */,
				9C66A83221633C4C00AEC87C /* Constants.m in Sources */,
			);
			runOnlyForDeploymentPostprocessing = 0;
		};
/* End PBXSourcesBuildPhase section */

/* Begin PBXVariantGroup section */
		9CC742F9215752AB00132866 /* Main.storyboard */ = {
			isa = PBXVariantGroup;
			children = (
				9CC742FA215752AB00132866 /* Base */,
				9CDE0D3A2186688900FAA0F5 /* en */,
			);
			name = Main.storyboard;
			sourceTree = "<group>";
		};
		9CC742FE215752AD00132866 /* LaunchScreen.storyboard */ = {
			isa = PBXVariantGroup;
			children = (
				9CC742FF215752AD00132866 /* Base */,
			);
			name = LaunchScreen.storyboard;
			sourceTree = "<group>";
		};
/* End PBXVariantGroup section */

/* Begin XCBuildConfiguration section */
		9CC74304215752AD00132866 /* Debug */ = {
			isa = XCBuildConfiguration;
			buildSettings = {
				ALWAYS_SEARCH_USER_PATHS = NO;
				CLANG_ANALYZER_NONNULL = YES;
				CLANG_ANALYZER_NUMBER_OBJECT_CONVERSION = YES_AGGRESSIVE;
				CLANG_CXX_LANGUAGE_STANDARD = "gnu++14";
				CLANG_CXX_LIBRARY = "libc++";
				CLANG_ENABLE_MODULES = YES;
				CLANG_ENABLE_OBJC_ARC = YES;
				CLANG_ENABLE_OBJC_WEAK = YES;
				CLANG_WARN_BLOCK_CAPTURE_AUTORELEASING = YES;
				CLANG_WARN_BOOL_CONVERSION = YES;
				CLANG_WARN_COMMA = YES;
				CLANG_WARN_CONSTANT_CONVERSION = YES;
				CLANG_WARN_DEPRECATED_OBJC_IMPLEMENTATIONS = YES;
				CLANG_WARN_DIRECT_OBJC_ISA_USAGE = YES_ERROR;
				CLANG_WARN_DOCUMENTATION_COMMENTS = YES;
				CLANG_WARN_EMPTY_BODY = YES;
				CLANG_WARN_ENUM_CONVERSION = YES;
				CLANG_WARN_INFINITE_RECURSION = YES;
				CLANG_WARN_INT_CONVERSION = YES;
				CLANG_WARN_NON_LITERAL_NULL_CONVERSION = YES;
				CLANG_WARN_OBJC_IMPLICIT_RETAIN_SELF = YES;
				CLANG_WARN_OBJC_LITERAL_CONVERSION = YES;
				CLANG_WARN_OBJC_ROOT_CLASS = YES_ERROR;
				CLANG_WARN_RANGE_LOOP_ANALYSIS = YES;
				CLANG_WARN_STRICT_PROTOTYPES = YES;
				CLANG_WARN_SUSPICIOUS_MOVE = YES;
				CLANG_WARN_UNGUARDED_AVAILABILITY = YES_AGGRESSIVE;
				CLANG_WARN_UNREACHABLE_CODE = YES;
				CLANG_WARN__DUPLICATE_METHOD_MATCH = YES;
				CODE_SIGN_IDENTITY = "iPhone Developer";
				COPY_PHASE_STRIP = NO;
				DEBUG_INFORMATION_FORMAT = dwarf;
				ENABLE_STRICT_OBJC_MSGSEND = YES;
				ENABLE_TESTABILITY = YES;
				GCC_C_LANGUAGE_STANDARD = gnu11;
				GCC_DYNAMIC_NO_PIC = NO;
				GCC_NO_COMMON_BLOCKS = YES;
				GCC_OPTIMIZATION_LEVEL = 0;
				GCC_PREPROCESSOR_DEFINITIONS = (
					"DEBUG=1",
					"$(inherited)",
				);
				GCC_WARN_64_TO_32_BIT_CONVERSION = YES;
				GCC_WARN_ABOUT_RETURN_TYPE = YES_ERROR;
				GCC_WARN_UNDECLARED_SELECTOR = YES;
				GCC_WARN_UNINITIALIZED_AUTOS = YES_AGGRESSIVE;
				GCC_WARN_UNUSED_FUNCTION = YES;
				GCC_WARN_UNUSED_VARIABLE = YES;
				IPHONEOS_DEPLOYMENT_TARGET = 11.4;
				MTL_ENABLE_DEBUG_INFO = YES;
				ONLY_ACTIVE_ARCH = YES;
				SDKROOT = iphoneos;
			};
			name = Debug;
		};
		9CC74305215752AD00132866 /* Release */ = {
			isa = XCBuildConfiguration;
			buildSettings = {
				ALWAYS_SEARCH_USER_PATHS = NO;
				CLANG_ANALYZER_NONNULL = YES;
				CLANG_ANALYZER_NUMBER_OBJECT_CONVERSION = YES_AGGRESSIVE;
				CLANG_CXX_LANGUAGE_STANDARD = "gnu++14";
				CLANG_CXX_LIBRARY = "libc++";
				CLANG_ENABLE_MODULES = YES;
				CLANG_ENABLE_OBJC_ARC = YES;
				CLANG_ENABLE_OBJC_WEAK = YES;
				CLANG_WARN_BLOCK_CAPTURE_AUTORELEASING = YES;
				CLANG_WARN_BOOL_CONVERSION = YES;
				CLANG_WARN_COMMA = YES;
				CLANG_WARN_CONSTANT_CONVERSION = YES;
				CLANG_WARN_DEPRECATED_OBJC_IMPLEMENTATIONS = YES;
				CLANG_WARN_DIRECT_OBJC_ISA_USAGE = YES_ERROR;
				CLANG_WARN_DOCUMENTATION_COMMENTS = YES;
				CLANG_WARN_EMPTY_BODY = YES;
				CLANG_WARN_ENUM_CONVERSION = YES;
				CLANG_WARN_INFINITE_RECURSION = YES;
				CLANG_WARN_INT_CONVERSION = YES;
				CLANG_WARN_NON_LITERAL_NULL_CONVERSION = YES;
				CLANG_WARN_OBJC_IMPLICIT_RETAIN_SELF = YES;
				CLANG_WARN_OBJC_LITERAL_CONVERSION = YES;
				CLANG_WARN_OBJC_ROOT_CLASS = YES_ERROR;
				CLANG_WARN_RANGE_LOOP_ANALYSIS = YES;
				CLANG_WARN_STRICT_PROTOTYPES = YES;
				CLANG_WARN_SUSPICIOUS_MOVE = YES;
				CLANG_WARN_UNGUARDED_AVAILABILITY = YES_AGGRESSIVE;
				CLANG_WARN_UNREACHABLE_CODE = YES;
				CLANG_WARN__DUPLICATE_METHOD_MATCH = YES;
				CODE_SIGN_IDENTITY = "iPhone Developer";
				COPY_PHASE_STRIP = NO;
				DEBUG_INFORMATION_FORMAT = "dwarf-with-dsym";
				ENABLE_NS_ASSERTIONS = NO;
				ENABLE_STRICT_OBJC_MSGSEND = YES;
				GCC_C_LANGUAGE_STANDARD = gnu11;
				GCC_NO_COMMON_BLOCKS = YES;
				GCC_WARN_64_TO_32_BIT_CONVERSION = YES;
				GCC_WARN_ABOUT_RETURN_TYPE = YES_ERROR;
				GCC_WARN_UNDECLARED_SELECTOR = YES;
				GCC_WARN_UNINITIALIZED_AUTOS = YES_AGGRESSIVE;
				GCC_WARN_UNUSED_FUNCTION = YES;
				GCC_WARN_UNUSED_VARIABLE = YES;
				IPHONEOS_DEPLOYMENT_TARGET = 11.4;
				MTL_ENABLE_DEBUG_INFO = NO;
				SDKROOT = iphoneos;
				VALIDATE_PRODUCT = YES;
			};
			name = Release;
		};
		9CC74307215752AD00132866 /* Debug */ = {
			isa = XCBuildConfiguration;
			baseConfigurationReference = 9CA9208D71E1CBE2C0BBDA96 /* Pods-Waste Sorting.debug.xcconfig */;
			buildSettings = {
				ASSETCATALOG_COMPILER_APPICON_NAME = AppIcon;
				CODE_SIGN_STYLE = Automatic;
				DEVELOPMENT_TEAM = NQKXVP5ART;
				FRAMEWORK_SEARCH_PATHS = (
					"$(inherited)",
					"$(PROJECT_DIR)/Waste\\ Sorting/Geolocation/Pods/GoogleMaps/Frameworks",
					"$(PROJECT_DIR)/Waste\\ Sorting/Geolocation/Pods/GoogleMaps/GoogleMapsSDKDemos",
				);
				INFOPLIST_FILE = "Waste Sorting/Info.plist";
				LD_RUNPATH_SEARCH_PATHS = "$(inherited) @executable_path/Frameworks";
				PRODUCT_BUNDLE_IDENTIFIER = com.hygiea.wastesorting;
				PRODUCT_NAME = "$(TARGET_NAME)";
				TARGETED_DEVICE_FAMILY = "1,2";
			};
			name = Debug;
		};
		9CC74308215752AD00132866 /* Release */ = {
			isa = XCBuildConfiguration;
			baseConfigurationReference = 4FA99F4C51D124428BB7D9C7 /* Pods-Waste Sorting.release.xcconfig */;
			buildSettings = {
				ASSETCATALOG_COMPILER_APPICON_NAME = AppIcon;
				CODE_SIGN_STYLE = Automatic;
				DEVELOPMENT_TEAM = NQKXVP5ART;
				FRAMEWORK_SEARCH_PATHS = (
					"$(inherited)",
					"$(PROJECT_DIR)/Waste\\ Sorting/Geolocation/Pods/GoogleMaps/Frameworks",
					"$(PROJECT_DIR)/Waste\\ Sorting/Geolocation/Pods/GoogleMaps/GoogleMapsSDKDemos",
				);
				INFOPLIST_FILE = "Waste Sorting/Info.plist";
				LD_RUNPATH_SEARCH_PATHS = "$(inherited) @executable_path/Frameworks";
				PRODUCT_BUNDLE_IDENTIFIER = com.hygiea.wastesorting;
				PRODUCT_NAME = "$(TARGET_NAME)";
				TARGETED_DEVICE_FAMILY = "1,2";
			};
			name = Release;
		};
/* End XCBuildConfiguration section */

/* Begin XCConfigurationList section */
		9CC742EB215752AB00132866 /* Build configuration list for PBXProject "Waste Sorting" */ = {
			isa = XCConfigurationList;
			buildConfigurations = (
				9CC74304215752AD00132866 /* Debug */,
				9CC74305215752AD00132866 /* Release */,
			);
			defaultConfigurationIsVisible = 0;
			defaultConfigurationName = Release;
		};
		9CC74306215752AD00132866 /* Build configuration list for PBXNativeTarget "Waste Sorting" */ = {
			isa = XCConfigurationList;
			buildConfigurations = (
				9CC74307215752AD00132866 /* Debug */,
				9CC74308215752AD00132866 /* Release */,
			);
			defaultConfigurationIsVisible = 0;
			defaultConfigurationName = Release;
		};
/* End XCConfigurationList section */
	};
	rootObject = 9CC742E8215752AB00132866 /* Project object */;
}
