// !$*UTF8*$!
{
	archiveVersion = 1;
	classes = {
	};
	objectVersion = 48;
	objects = {

/* Begin PBXBuildFile section */
		9C8082D72159B7520073EB4C /* hygiea-logo.png in Resources */ = {isa = PBXBuildFile; fileRef = 9C8082D62159B7520073EB4C /* hygiea-logo.png */; };
		9CC742F5215752AB00132866 /* AppDelegate.m in Sources */ = {isa = PBXBuildFile; fileRef = 9CC742F4215752AB00132866 /* AppDelegate.m */; };
		9CC742F8215752AB00132866 /* ViewController.m in Sources */ = {isa = PBXBuildFile; fileRef = 9CC742F7215752AB00132866 /* ViewController.m */; };
		9CC742FB215752AB00132866 /* Main.storyboard in Resources */ = {isa = PBXBuildFile; fileRef = 9CC742F9215752AB00132866 /* Main.storyboard */; };
		9CC742FD215752AD00132866 /* Assets.xcassets in Resources */ = {isa = PBXBuildFile; fileRef = 9CC742FC215752AD00132866 /* Assets.xcassets */; };
		9CC74300215752AD00132866 /* LaunchScreen.storyboard in Resources */ = {isa = PBXBuildFile; fileRef = 9CC742FE215752AD00132866 /* LaunchScreen.storyboard */; };
		9CC74303215752AD00132866 /* main.m in Sources */ = {isa = PBXBuildFile; fileRef = 9CC74302215752AD00132866 /* main.m */; };
		E16896025785B7F8C2F219D6 /* libPods-Waste Sorting.a in Frameworks */ = {isa = PBXBuildFile; fileRef = 2777066EBD694D1A1568B4FB /* libPods-Waste Sorting.a */; };
/* End PBXBuildFile section */

/* Begin PBXFileReference section */
		2777066EBD694D1A1568B4FB /* libPods-Waste Sorting.a */ = {isa = PBXFileReference; explicitFileType = archive.ar; includeInIndex = 0; path = "libPods-Waste Sorting.a"; sourceTree = BUILT_PRODUCTS_DIR; };
		4FA99F4C51D124428BB7D9C7 /* Pods-Waste Sorting.release.xcconfig */ = {isa = PBXFileReference; includeInIndex = 1; lastKnownFileType = text.xcconfig; name = "Pods-Waste Sorting.release.xcconfig"; path = "Pods/Target Support Files/Pods-Waste Sorting/Pods-Waste Sorting.release.xcconfig"; sourceTree = "<group>"; };
		9C8082D62159B7520073EB4C /* hygiea-logo.png */ = {isa = PBXFileReference; lastKnownFileType = image.png; name = "hygiea-logo.png"; path = "Images/hygiea-logo.png"; sourceTree = "<group>"; };
		9CA9208D71E1CBE2C0BBDA96 /* Pods-Waste Sorting.debug.xcconfig */ = {isa = PBXFileReference; includeInIndex = 1; lastKnownFileType = text.xcconfig; name = "Pods-Waste Sorting.debug.xcconfig"; path = "Pods/Target Support Files/Pods-Waste Sorting/Pods-Waste Sorting.debug.xcconfig"; sourceTree = "<group>"; };
		9CC742F0215752AB00132866 /* Waste Sorting.app */ = {isa = PBXFileReference; explicitFileType = wrapper.application; includeInIndex = 0; path = "Waste Sorting.app"; sourceTree = BUILT_PRODUCTS_DIR; };
		9CC742F3215752AB00132866 /* AppDelegate.h */ = {isa = PBXFileReference; lastKnownFileType = sourcecode.c.h; path = AppDelegate.h; sourceTree = "<group>"; };
		9CC742F4215752AB00132866 /* AppDelegate.m */ = {isa = PBXFileReference; lastKnownFileType = sourcecode.c.objc; path = AppDelegate.m; sourceTree = "<group>"; };
		9CC742F6215752AB00132866 /* ViewController.h */ = {isa = PBXFileReference; lastKnownFileType = sourcecode.c.h; path = ViewController.h; sourceTree = "<group>"; };
		9CC742F7215752AB00132866 /* ViewController.m */ = {isa = PBXFileReference; lastKnownFileType = sourcecode.c.objc; path = ViewController.m; sourceTree = "<group>"; };
		9CC742FA215752AB00132866 /* Base */ = {isa = PBXFileReference; lastKnownFileType = file.storyboard; name = Base; path = Base.lproj/Main.storyboard; sourceTree = "<group>"; };
		9CC742FC215752AD00132866 /* Assets.xcassets */ = {isa = PBXFileReference; lastKnownFileType = folder.assetcatalog; path = Assets.xcassets; sourceTree = "<group>"; };
		9CC742FF215752AD00132866 /* Base */ = {isa = PBXFileReference; lastKnownFileType = file.storyboard; name = Base; path = Base.lproj/LaunchScreen.storyboard; sourceTree = "<group>"; };
		9CC74301215752AD00132866 /* Info.plist */ = {isa = PBXFileReference; lastKnownFileType = text.plist.xml; path = Info.plist; sourceTree = "<group>"; };
		9CC74302215752AD00132866 /* main.m */ = {isa = PBXFileReference; lastKnownFileType = sourcecode.c.objc; path = main.m; sourceTree = "<group>"; };
/* End PBXFileReference section */

/* Begin PBXFrameworksBuildPhase section */
		9CC742ED215752AB00132866 /* Frameworks */ = {
			isa = PBXFrameworksBuildPhase;
			buildActionMask = 2147483647;
			files = (
				E16896025785B7F8C2F219D6 /* libPods-Waste Sorting.a in Frameworks */,
			);
			runOnlyForDeploymentPostprocessing = 0;
		};
/* End PBXFrameworksBuildPhase section */

/* Begin PBXGroup section */
		6584AABC5D29A8CEC1DD28BA /* Frameworks */ = {
			isa = PBXGroup;
			children = (
				2777066EBD694D1A1568B4FB /* libPods-Waste Sorting.a */,
			);
			name = Frameworks;
			sourceTree = "<group>";
		};
		9CC742E7215752AB00132866 = {
			isa = PBXGroup;
			children = (
				9CC742F2215752AB00132866 /* Waste Sorting */,
				9CC742F1215752AB00132866 /* Products */,
				CF4D8EE1DD811A6A99229B18 /* Pods */,
				6584AABC5D29A8CEC1DD28BA /* Frameworks */,
			);
			sourceTree = "<group>";
		};
		9CC742F1215752AB00132866 /* Products */ = {
			isa = PBXGroup;
			children = (
				9CC742F0215752AB00132866 /* Waste Sorting.app */,
			);
			name = Products;
			sourceTree = "<group>";
		};
		9CC742F2215752AB00132866 /* Waste Sorting */ = {
			isa = PBXGroup;
			children = (
				9CC742F3215752AB00132866 /* AppDelegate.h */,
				9CC742F4215752AB00132866 /* AppDelegate.m */,
				9CC742F6215752AB00132866 /* ViewController.h */,
				9CC742F7215752AB00132866 /* ViewController.m */,
				9CC742F9215752AB00132866 /* Main.storyboard */,
				9CC742FC215752AD00132866 /* Assets.xcassets */,
				9C8082D62159B7520073EB4C /* hygiea-logo.png */,
				9CC742FE215752AD00132866 /* LaunchScreen.storyboard */,
				9CC74301215752AD00132866 /* Info.plist */,
				9CC74302215752AD00132866 /* main.m */,
			);
			path = "Waste Sorting";
			sourceTree = "<group>";
		};
		CF4D8EE1DD811A6A99229B18 /* Pods */ = {
			isa = PBXGroup;
			children = (
				9CA9208D71E1CBE2C0BBDA96 /* Pods-Waste Sorting.debug.xcconfig */,
				4FA99F4C51D124428BB7D9C7 /* Pods-Waste Sorting.release.xcconfig */,
			);
			name = Pods;
			sourceTree = "<group>";
		};
/* End PBXGroup section */

/* Begin PBXNativeTarget section */
		9CC742EF215752AB00132866 /* Waste Sorting */ = {
			isa = PBXNativeTarget;
			buildConfigurationList = 9CC74306215752AD00132866 /* Build configuration list for PBXNativeTarget "Waste Sorting" */;
			buildPhases = (
				AA10EBCFEFF7FA13516B4F56 /* [CP] Check Pods Manifest.lock */,
				9CC742EC215752AB00132866 /* Sources */,
				9CC742ED215752AB00132866 /* Frameworks */,
				9CC742EE215752AB00132866 /* Resources */,
				9CAA43A58E208B2B11F2D225 /* [CP] Embed Pods Frameworks */,
				EAAE7552BA9B151610900140 /* [CP] Copy Pods Resources */,
			);
			buildRules = (
			);
			dependencies = (
			);
			name = "Waste Sorting";
			productName = "Waste Sorting";
			productReference = 9CC742F0215752AB00132866 /* Waste Sorting.app */;
			productType = "com.apple.product-type.application";
		};
/* End PBXNativeTarget section */

/* Begin PBXProject section */
		9CC742E8215752AB00132866 /* Project object */ = {
			isa = PBXProject;
			attributes = {
				LastUpgradeCheck = 0940;
				ORGANIZATIONNAME = Hygiea;
				TargetAttributes = {
					9CC742EF215752AB00132866 = {
						CreatedOnToolsVersion = 9.4.1;
						ProvisioningStyle = Automatic;
					};
				};
			};
			buildConfigurationList = 9CC742EB215752AB00132866 /* Build configuration list for PBXProject "Waste Sorting" */;
			compatibilityVersion = "Xcode 8.0";
			developmentRegion = en;
			hasScannedForEncodings = 0;
			knownRegions = (
				en,
				Base,
			);
			mainGroup = 9CC742E7215752AB00132866;
			productRefGroup = 9CC742F1215752AB00132866 /* Products */;
			projectDirPath = "";
			projectRoot = "";
			targets = (
				9CC742EF215752AB00132866 /* Waste Sorting */,
			);
		};
/* End PBXProject section */

/* Begin PBXResourcesBuildPhase section */
		9CC742EE215752AB00132866 /* Resources */ = {
			isa = PBXResourcesBuildPhase;
			buildActionMask = 2147483647;
			files = (
				9CC74300215752AD00132866 /* LaunchScreen.storyboard in Resources */,
				9CC742FD215752AD00132866 /* Assets.xcassets in Resources */,
				9CC742FB215752AB00132866 /* Main.storyboard in Resources */,
				9C8082D72159B7520073EB4C /* hygiea-logo.png in Resources */,
			);
			runOnlyForDeploymentPostprocessing = 0;
		};
/* End PBXResourcesBuildPhase section */

/* Begin PBXShellScriptBuildPhase section */
		9CAA43A58E208B2B11F2D225 /* [CP] Embed Pods Frameworks */ = {
			isa = PBXShellScriptBuildPhase;
			buildActionMask = 2147483647;
			files = (
			);
			inputPaths = (
			);
			name = "[CP] Embed Pods Frameworks";
			outputPaths = (
			);
			runOnlyForDeploymentPostprocessing = 0;
			shellPath = /bin/sh;
			shellScript = "\"${SRCROOT}/Pods/Target Support Files/Pods-Waste Sorting/Pods-Waste Sorting-frameworks.sh\"\n";
			showEnvVarsInLog = 0;
		};
		AA10EBCFEFF7FA13516B4F56 /* [CP] Check Pods Manifest.lock */ = {
			isa = PBXShellScriptBuildPhase;
			buildActionMask = 2147483647;
			files = (
			);
			inputPaths = (
				"${PODS_PODFILE_DIR_PATH}/Podfile.lock",
				"${PODS_ROOT}/Manifest.lock",
			);
			name = "[CP] Check Pods Manifest.lock";
			outputPaths = (
				"$(DERIVED_FILE_DIR)/Pods-Waste Sorting-checkManifestLockResult.txt",
			);
			runOnlyForDeploymentPostprocessing = 0;
			shellPath = /bin/sh;
			shellScript = "diff \"${PODS_PODFILE_DIR_PATH}/Podfile.lock\" \"${PODS_ROOT}/Manifest.lock\" > /dev/null\nif [ $? != 0 ] ; then\n    # print error to STDERR\n    echo \"error: The sandbox is not in sync with the Podfile.lock. Run 'pod install' or update your CocoaPods installation.\" >&2\n    exit 1\nfi\n# This output is used by Xcode 'outputs' to avoid re-running this script phase.\necho \"SUCCESS\" > \"${SCRIPT_OUTPUT_FILE_0}\"\n";
			showEnvVarsInLog = 0;
		};
		EAAE7552BA9B151610900140 /* [CP] Copy Pods Resources */ = {
			isa = PBXShellScriptBuildPhase;
			buildActionMask = 2147483647;
			files = (
			);
			inputPaths = (
			);
			name = "[CP] Copy Pods Resources";
			outputPaths = (
			);
			runOnlyForDeploymentPostprocessing = 0;
			shellPath = /bin/sh;
			shellScript = "\"${SRCROOT}/Pods/Target Support Files/Pods-Waste Sorting/Pods-Waste Sorting-resources.sh\"\n";
			showEnvVarsInLog = 0;
		};
/* End PBXShellScriptBuildPhase section */

/* Begin PBXSourcesBuildPhase section */
		9CC742EC215752AB00132866 /* Sources */ = {
			isa = PBXSourcesBuildPhase;
			buildActionMask = 2147483647;
			files = (
				9CC742F8215752AB00132866 /* ViewController.m in Sources */,
				9CC74303215752AD00132866 /* main.m in Sources */,
				9CC742F5215752AB00132866 /* AppDelegate.m in Sources */,
			);
			runOnlyForDeploymentPostprocessing = 0;
		};
/* End PBXSourcesBuildPhase section */

/* Begin PBXVariantGroup section */
		9CC742F9215752AB00132866 /* Main.storyboard */ = {
			isa = PBXVariantGroup;
			children = (
				9CC742FA215752AB00132866 /* Base */,
			);
			name = Main.storyboard;
			sourceTree = "<group>";
		};
		9CC742FE215752AD00132866 /* LaunchScreen.storyboard */ = {
			isa = PBXVariantGroup;
			children = (
				9CC742FF215752AD00132866 /* Base */,
			);
			name = LaunchScreen.storyboard;
			sourceTree = "<group>";
		};
/* End PBXVariantGroup section */

/* Begin XCBuildConfiguration section */
		9CC74304215752AD00132866 /* Debug */ = {
			isa = XCBuildConfiguration;
			buildSettings = {
				ALWAYS_SEARCH_USER_PATHS = NO;
				CLANG_ANALYZER_NONNULL = YES;
				CLANG_ANALYZER_NUMBER_OBJECT_CONVERSION = YES_AGGRESSIVE;
				CLANG_CXX_LANGUAGE_STANDARD = "gnu++14";
				CLANG_CXX_LIBRARY = "libc++";
				CLANG_ENABLE_MODULES = YES;
				CLANG_ENABLE_OBJC_ARC = YES;
				CLANG_ENABLE_OBJC_WEAK = YES;
				CLANG_WARN_BLOCK_CAPTURE_AUTORELEASING = YES;
				CLANG_WARN_BOOL_CONVERSION = YES;
				CLANG_WARN_COMMA = YES;
				CLANG_WARN_CONSTANT_CONVERSION = YES;
				CLANG_WARN_DEPRECATED_OBJC_IMPLEMENTATIONS = YES;
				CLANG_WARN_DIRECT_OBJC_ISA_USAGE = YES_ERROR;
				CLANG_WARN_DOCUMENTATION_COMMENTS = YES;
				CLANG_WARN_EMPTY_BODY = YES;
				CLANG_WARN_ENUM_CONVERSION = YES;
				CLANG_WARN_INFINITE_RECURSION = YES;
				CLANG_WARN_INT_CONVERSION = YES;
				CLANG_WARN_NON_LITERAL_NULL_CONVERSION = YES;
				CLANG_WARN_OBJC_IMPLICIT_RETAIN_SELF = YES;
				CLANG_WARN_OBJC_LITERAL_CONVERSION = YES;
				CLANG_WARN_OBJC_ROOT_CLASS = YES_ERROR;
				CLANG_WARN_RANGE_LOOP_ANALYSIS = YES;
				CLANG_WARN_STRICT_PROTOTYPES = YES;
				CLANG_WARN_SUSPICIOUS_MOVE = YES;
				CLANG_WARN_UNGUARDED_AVAILABILITY = YES_AGGRESSIVE;
				CLANG_WARN_UNREACHABLE_CODE = YES;
				CLANG_WARN__DUPLICATE_METHOD_MATCH = YES;
				CODE_SIGN_IDENTITY = "iPhone Developer";
				COPY_PHASE_STRIP = NO;
				DEBUG_INFORMATION_FORMAT = dwarf;
				ENABLE_STRICT_OBJC_MSGSEND = YES;
				ENABLE_TESTABILITY = YES;
				GCC_C_LANGUAGE_STANDARD = gnu11;
				GCC_DYNAMIC_NO_PIC = NO;
				GCC_NO_COMMON_BLOCKS = YES;
				GCC_OPTIMIZATION_LEVEL = 0;
				GCC_PREPROCESSOR_DEFINITIONS = (
					"DEBUG=1",
					"$(inherited)",
				);
				GCC_WARN_64_TO_32_BIT_CONVERSION = YES;
				GCC_WARN_ABOUT_RETURN_TYPE = YES_ERROR;
				GCC_WARN_UNDECLARED_SELECTOR = YES;
				GCC_WARN_UNINITIALIZED_AUTOS = YES_AGGRESSIVE;
				GCC_WARN_UNUSED_FUNCTION = YES;
				GCC_WARN_UNUSED_VARIABLE = YES;
				IPHONEOS_DEPLOYMENT_TARGET = 11.4;
				MTL_ENABLE_DEBUG_INFO = YES;
				ONLY_ACTIVE_ARCH = YES;
				SDKROOT = iphoneos;
			};
			name = Debug;
		};
		9CC74305215752AD00132866 /* Release */ = {
			isa = XCBuildConfiguration;
			buildSettings = {
				ALWAYS_SEARCH_USER_PATHS = NO;
				CLANG_ANALYZER_NONNULL = YES;
				CLANG_ANALYZER_NUMBER_OBJECT_CONVERSION = YES_AGGRESSIVE;
				CLANG_CXX_LANGUAGE_STANDARD = "gnu++14";
				CLANG_CXX_LIBRARY = "libc++";
				CLANG_ENABLE_MODULES = YES;
				CLANG_ENABLE_OBJC_ARC = YES;
				CLANG_ENABLE_OBJC_WEAK = YES;
				CLANG_WARN_BLOCK_CAPTURE_AUTORELEASING = YES;
				CLANG_WARN_BOOL_CONVERSION = YES;
				CLANG_WARN_COMMA = YES;
				CLANG_WARN_CONSTANT_CONVERSION = YES;
				CLANG_WARN_DEPRECATED_OBJC_IMPLEMENTATIONS = YES;
				CLANG_WARN_DIRECT_OBJC_ISA_USAGE = YES_ERROR;
				CLANG_WARN_DOCUMENTATION_COMMENTS = YES;
				CLANG_WARN_EMPTY_BODY = YES;
				CLANG_WARN_ENUM_CONVERSION = YES;
				CLANG_WARN_INFINITE_RECURSION = YES;
				CLANG_WARN_INT_CONVERSION = YES;
				CLANG_WARN_NON_LITERAL_NULL_CONVERSION = YES;
				CLANG_WARN_OBJC_IMPLICIT_RETAIN_SELF = YES;
				CLANG_WARN_OBJC_LITERAL_CONVERSION = YES;
				CLANG_WARN_OBJC_ROOT_CLASS = YES_ERROR;
				CLANG_WARN_RANGE_LOOP_ANALYSIS = YES;
				CLANG_WARN_STRICT_PROTOTYPES = YES;
				CLANG_WARN_SUSPICIOUS_MOVE = YES;
				CLANG_WARN_UNGUARDED_AVAILABILITY = YES_AGGRESSIVE;
				CLANG_WARN_UNREACHABLE_CODE = YES;
				CLANG_WARN__DUPLICATE_METHOD_MATCH = YES;
				CODE_SIGN_IDENTITY = "iPhone Developer";
				COPY_PHASE_STRIP = NO;
				DEBUG_INFORMATION_FORMAT = "dwarf-with-dsym";
				ENABLE_NS_ASSERTIONS = NO;
				ENABLE_STRICT_OBJC_MSGSEND = YES;
				GCC_C_LANGUAGE_STANDARD = gnu11;
				GCC_NO_COMMON_BLOCKS = YES;
				GCC_WARN_64_TO_32_BIT_CONVERSION = YES;
				GCC_WARN_ABOUT_RETURN_TYPE = YES_ERROR;
				GCC_WARN_UNDECLARED_SELECTOR = YES;
				GCC_WARN_UNINITIALIZED_AUTOS = YES_AGGRESSIVE;
				GCC_WARN_UNUSED_FUNCTION = YES;
				GCC_WARN_UNUSED_VARIABLE = YES;
				IPHONEOS_DEPLOYMENT_TARGET = 11.4;
				MTL_ENABLE_DEBUG_INFO = NO;
				SDKROOT = iphoneos;
				VALIDATE_PRODUCT = YES;
			};
			name = Release;
		};
		9CC74307215752AD00132866 /* Debug */ = {
			isa = XCBuildConfiguration;
			baseConfigurationReference = 9CA9208D71E1CBE2C0BBDA96 /* Pods-Waste Sorting.debug.xcconfig */;
			buildSettings = {
				ASSETCATALOG_COMPILER_APPICON_NAME = AppIcon;
				CODE_SIGN_STYLE = Automatic;
				INFOPLIST_FILE = "Waste Sorting/Info.plist";
				LD_RUNPATH_SEARCH_PATHS = "$(inherited) @executable_path/Frameworks";
				PRODUCT_BUNDLE_IDENTIFIER = com.hygiea.wastesorting;
				PRODUCT_NAME = "$(TARGET_NAME)";
				TARGETED_DEVICE_FAMILY = "1,2";
			};
			name = Debug;
		};
		9CC74308215752AD00132866 /* Release */ = {
			isa = XCBuildConfiguration;
			baseConfigurationReference = 4FA99F4C51D124428BB7D9C7 /* Pods-Waste Sorting.release.xcconfig */;
			buildSettings = {
				ASSETCATALOG_COMPILER_APPICON_NAME = AppIcon;
				CODE_SIGN_STYLE = Automatic;
				INFOPLIST_FILE = "Waste Sorting/Info.plist";
				LD_RUNPATH_SEARCH_PATHS = "$(inherited) @executable_path/Frameworks";
				PRODUCT_BUNDLE_IDENTIFIER = com.hygiea.wastesorting;
				PRODUCT_NAME = "$(TARGET_NAME)";
				TARGETED_DEVICE_FAMILY = "1,2";
			};
			name = Release;
		};
/* End XCBuildConfiguration section */

/* Begin XCConfigurationList section */
		9CC742EB215752AB00132866 /* Build configuration list for PBXProject "Waste Sorting" */ = {
			isa = XCConfigurationList;
			buildConfigurations = (
				9CC74304215752AD00132866 /* Debug */,
				9CC74305215752AD00132866 /* Release */,
			);
			defaultConfigurationIsVisible = 0;
			defaultConfigurationName = Release;
		};
		9CC74306215752AD00132866 /* Build configuration list for PBXNativeTarget "Waste Sorting" */ = {
			isa = XCConfigurationList;
			buildConfigurations = (
				9CC74307215752AD00132866 /* Debug */,
				9CC74308215752AD00132866 /* Release */,
			);
			defaultConfigurationIsVisible = 0;
			defaultConfigurationName = Release;
		};
/* End XCConfigurationList section */
	};
	rootObject = 9CC742E8215752AB00132866 /* Project object */;
}
